# THIS IS AN AUTOGENERATED FILE. DO NOT EDIT THIS FILE DIRECTLY.
# yarn lockfile v1


"@react-navigation/core@^5.6.1":
  version "5.6.1"
  resolved "https://registry.yarnpkg.com/@react-navigation/core/-/core-5.6.1.tgz#c2951e56ef195027bfb4127d049aea5bd381fab1"
  integrity sha512-cnz3WMJd4Ou6TGLYmEfUijs0Wk+O0Vnlye29B2W2SJfTfqU1w4J8Kl0lzVkg8CZQruicQRzLU8ONVeDN4lj9tA==
  dependencies:
    "@react-navigation/routers" "^5.4.4"
    escape-string-regexp "^4.0.0"
    nanoid "^3.1.5"
    query-string "^6.12.1"
    react-is "^16.13.0"
    use-subscription "^1.4.0"

"@react-navigation/native@^5.3.2":
  version "5.3.2"
  resolved "https://registry.yarnpkg.com/@react-navigation/native/-/native-5.3.2.tgz#31786ae160ab61ac609b2611306b728681016ada"
  integrity sha512-F9UzCHNjBQSQLv2RNc4q+Uo/3hRx00CIrP6CPBcrDxLe318frN/LHWqh7Dd6rRm7OAvDFYKsniEluLqTPK3Y0w==
  dependencies:
    "@react-navigation/core" "^5.6.1"

"@react-navigation/routers@^5.4.4":
  version "5.4.4"
  resolved "https://registry.yarnpkg.com/@react-navigation/routers/-/routers-5.4.4.tgz#3b5e1a55edb73a506a82db59081ad434c0ce1aab"
  integrity sha512-Q8ZIubVYc1569JOs2oMWbhNXBNzZHvRfP5cEZ6/ksj9cPF7DkwOXsAdF0b+Oe0ei0f7OaK9LTRmfiNdtAPWVzw==
  dependencies:
    nanoid "^3.1.5"

decode-uri-component@^0.2.0:
  version "0.2.0"
  resolved "https://registry.yarnpkg.com/decode-uri-component/-/decode-uri-component-0.2.0.tgz#eb3913333458775cb84cd1a1fae062106bb87545"
  integrity sha1-6zkTMzRYd1y4TNGh+uBiEGu4dUU=

escape-string-regexp@^4.0.0:
  version "4.0.0"
  resolved "https://registry.yarnpkg.com/escape-string-regexp/-/escape-string-regexp-4.0.0.tgz#14ba83a5d373e3d311e5afca29cf5bfad965bf34"
  integrity sha512-TtpcNJ3XAzx3Gq8sWRzJaVajRs0uVxA2YAkdb1jm2YkPz4G6egUFAyA3n5vtEIZefPk5Wa4UXbKuS5fKkJWdgA==

nanoid@^3.1.5:
  version "3.1.8"
  resolved "https://registry.yarnpkg.com/nanoid/-/nanoid-3.1.8.tgz#de6460f6609e8031c161a12f7dfb09bcdf7449a7"
  integrity sha512-+kITo+bixOrnHjsPsrVa4gvWRxoSugEvCVygQ1q2NprxQcPHI+v9iID2zaGWFKBPkfuUiARIdWWIQonKdf6aQg==

object-assign@^4.1.1:
  version "4.1.1"
  resolved "https://registry.yarnpkg.com/object-assign/-/object-assign-4.1.1.tgz#2109adc7965887cfc05cbbd442cac8bfbb360863"
  integrity sha1-IQmtx5ZYh8/AXLvUQsrIv7s2CGM=

query-string@^6.12.1:
  version "6.12.1"
  resolved "https://registry.yarnpkg.com/query-string/-/query-string-6.12.1.tgz#2ae4d272db4fba267141665374e49a1de09e8a7c"
  integrity sha512-OHj+zzfRMyj3rmo/6G8a5Ifvw3AleL/EbcHMD27YA31Q+cO5lfmQxECkImuNVjcskLcvBRVHNAB3w6udMs1eAA==
  dependencies:
    decode-uri-component "^0.2.0"
    split-on-first "^1.0.0"
    strict-uri-encode "^2.0.0"

react-is@^16.13.0:
  version "16.13.1"
  resolved "https://registry.yarnpkg.com/react-is/-/react-is-16.13.1.tgz#789729a4dc36de2999dc156dd6c1d9c18cea56a4"
  integrity sha512-24e6ynE2H+OKt4kqsOvNd8kBpV65zoxbA4BVsEOB3ARVWQki/DHzaUoC5KuON/BiccDaCCTZBuOcfZs70kR8bQ==

split-on-first@^1.0.0:
  version "1.1.0"
  resolved "https://registry.yarnpkg.com/split-on-first/-/split-on-first-1.1.0.tgz#f610afeee3b12bce1d0c30425e76398b78249a5f"
  integrity sha512-43ZssAJaMusuKWL8sKUBQXHWOpq8d6CfN/u1p4gUzfJkM05C8rxTmYrkIPTXapZpORA6LkkzcUulJ8FqA7Uudw==

strict-uri-encode@^2.0.0:
  version "2.0.0"
  resolved "https://registry.yarnpkg.com/strict-uri-encode/-/strict-uri-encode-2.0.0.tgz#b9c7330c7042862f6b142dc274bbcc5866ce3546"
  integrity sha1-ucczDHBChi9rFC3CdLvMWGbONUY=

use-subscription@^1.4.0:
  version "1.4.1"
  resolved "https://registry.yarnpkg.com/use-subscription/-/use-subscription-1.4.1.tgz#edcbcc220f1adb2dd4fa0b2f61b6cc308e620069"
  integrity sha512-7+IIwDG/4JICrWHL/Q/ZPK5yozEnvRm6vHImu0LKwQlmWGKeiF7mbAenLlK/cTNXrTtXHU/SFASQHzB6+oSJMQ==
  dependencies:
    object-assign "^4.1.1"
